
Microsoft Visual Studio Solution File, Format Version 12.00
# Visual Studio 15
VisualStudioVersion = 15.0.26730.16
MinimumVisualStudioVersion = 10.0.40219.1
Project("{FAE04EC0-301F-11D3-BF4B-00C04F79EFBC}") = "Canducci.QueryBuilder", "Canducci.QueryBuilder\Canducci.QueryBuilder.csproj", "{289452E5-D559-46F2-8609-B6C93D296447}"
EndProject
Global
	GlobalSection(SolutionConfigurationPlatforms) = preSolution
		Debug|Any CPU = Debug|Any CPU
		Release|Any CPU = Release|Any CPU
	EndGlobalSection
	GlobalSection(ProjectConfigurationPlatforms) = postSolution
		{289452E5-D559-46F2-8609-B6C93D296447}.Debug|Any CPU.ActiveCfg = Debug|Any CPU
		{289452E5-D559-46F2-8609-B6C93D296447}.Debug|Any CPU.Build.0 = Debug|Any CPU
		{289452E5-D559-46F2-8609-B6C93D296447}.Release|Any CPU.ActiveCfg = Release|Any CPU
		{289452E5-D559-46F2-8609-B6C93D296447}.Release|Any CPU.Build.0 = Release|Any CPU
	EndGlobalSection
	GlobalSection(SolutionProperties) = preSolution
		HideSolutionNode = FALSE
	EndGlobalSection
	GlobalSection(ExtensibilityGlobals) = postSolution
		SolutionGuid = {FF8C4678-761C-469A-A1EB-CD3E6F143998}
	EndGlobalSection
EndGlobal
